// !$*UTF8*$!
{
	archiveVersion = 1;
	classes = {
	};
	objectVersion = 46;
	objects = {

/* Begin PBXBuildFile section */
		392533C8199892F800815048 /* SettingsViewController.swift in Sources */ = {isa = PBXBuildFile; fileRef = 392533C7199892F800815048 /* SettingsViewController.swift */; };
		392533CA1998984500815048 /* TermsViewController.swift in Sources */ = {isa = PBXBuildFile; fileRef = 392533C91998984500815048 /* TermsViewController.swift */; };
		396C51D01992116200AA4D44 /* SignInViewController.swift in Sources */ = {isa = PBXBuildFile; fileRef = 396C51CF1992116200AA4D44 /* SignInViewController.swift */; };
		396C51D4199212C700AA4D44 /* CreateAccountRootViewController.swift in Sources */ = {isa = PBXBuildFile; fileRef = 396C51D3199212C700AA4D44 /* CreateAccountRootViewController.swift */; };
		396C51D6199212D600AA4D44 /* SignInRootViewController.swift in Sources */ = {isa = PBXBuildFile; fileRef = 396C51D5199212D600AA4D44 /* SignInRootViewController.swift */; };
		396C51D8199213D900AA4D44 /* CreateAccountViewController.swift in Sources */ = {isa = PBXBuildFile; fileRef = 396C51D7199213D900AA4D44 /* CreateAccountViewController.swift */; };
		399A4AED1992073B00B2139B /* AppDelegate.swift in Sources */ = {isa = PBXBuildFile; fileRef = 399A4AEC1992073B00B2139B /* AppDelegate.swift */; };
		399A4AEF1992073B00B2139B /* ViewController.swift in Sources */ = {isa = PBXBuildFile; fileRef = 399A4AEE1992073B00B2139B /* ViewController.swift */; };
		399A4AF21992073B00B2139B /* Main.storyboard in Resources */ = {isa = PBXBuildFile; fileRef = 399A4AF01992073B00B2139B /* Main.storyboard */; };
		399A4B001992073B00B2139B /* FakeboxTests.swift in Sources */ = {isa = PBXBuildFile; fileRef = 399A4AFF1992073B00B2139B /* FakeboxTests.swift */; };
		399A4B0A199208CF00B2139B /* Images.xcassets in Resources */ = {isa = PBXBuildFile; fileRef = 399A4B09199208CF00B2139B /* Images.xcassets */; };
/* End PBXBuildFile section */

/* Begin PBXContainerItemProxy section */
		399A4AFA1992073B00B2139B /* PBXContainerItemProxy */ = {
			isa = PBXContainerItemProxy;
			containerPortal = 399A4ADF1992073B00B2139B /* Project object */;
			proxyType = 1;
			remoteGlobalIDString = 399A4AE61992073B00B2139B;
			remoteInfo = Fakebox;
		};
/* End PBXContainerItemProxy section */

/* Begin PBXFileReference section */
		392533C7199892F800815048 /* SettingsViewController.swift */ = {isa = PBXFileReference; fileEncoding = 4; lastKnownFileType = sourcecode.swift; path = SettingsViewController.swift; sourceTree = "<group>"; };
		392533C91998984500815048 /* TermsViewController.swift */ = {isa = PBXFileReference; fileEncoding = 4; lastKnownFileType = sourcecode.swift; path = TermsViewController.swift; sourceTree = "<group>"; };
		396C51CF1992116200AA4D44 /* SignInViewController.swift */ = {isa = PBXFileReference; fileEncoding = 4; lastKnownFileType = sourcecode.swift; name = SignInViewController.swift; path = Fakebox/SignInViewController.swift; sourceTree = "<group>"; };
		396C51D3199212C700AA4D44 /* CreateAccountRootViewController.swift */ = {isa = PBXFileReference; fileEncoding = 4; lastKnownFileType = sourcecode.swift; path = CreateAccountRootViewController.swift; sourceTree = "<group>"; };
		396C51D5199212D600AA4D44 /* SignInRootViewController.swift */ = {isa = PBXFileReference; fileEncoding = 4; lastKnownFileType = sourcecode.swift; path = SignInRootViewController.swift; sourceTree = "<group>"; };
		396C51D7199213D900AA4D44 /* CreateAccountViewController.swift */ = {isa = PBXFileReference; fileEncoding = 4; lastKnownFileType = sourcecode.swift; path = CreateAccountViewController.swift; sourceTree = "<group>"; };
		399A4AE71992073B00B2139B /* Fakebox.app */ = {isa = PBXFileReference; explicitFileType = wrapper.application; includeInIndex = 0; path = Fakebox.app; sourceTree = BUILT_PRODUCTS_DIR; };
		399A4AEB1992073B00B2139B /* Info.plist */ = {isa = PBXFileReference; lastKnownFileType = text.plist.xml; path = Info.plist; sourceTree = "<group>"; };
		399A4AEC1992073B00B2139B /* AppDelegate.swift */ = {isa = PBXFileReference; lastKnownFileType = sourcecode.swift; path = AppDelegate.swift; sourceTree = "<group>"; };
		399A4AEE1992073B00B2139B /* ViewController.swift */ = {isa = PBXFileReference; lastKnownFileType = sourcecode.swift; path = ViewController.swift; sourceTree = "<group>"; };
		399A4AF11992073B00B2139B /* Base */ = {isa = PBXFileReference; lastKnownFileType = file.storyboard; name = Base; path = Base.lproj/Main.storyboard; sourceTree = "<group>"; };
		399A4AF91992073B00B2139B /* FakeboxTests.xctest */ = {isa = PBXFileReference; explicitFileType = wrapper.cfbundle; includeInIndex = 0; path = FakeboxTests.xctest; sourceTree = BUILT_PRODUCTS_DIR; };
		399A4AFE1992073B00B2139B /* Info.plist */ = {isa = PBXFileReference; lastKnownFileType = text.plist.xml; path = Info.plist; sourceTree = "<group>"; };
		399A4AFF1992073B00B2139B /* FakeboxTests.swift */ = {isa = PBXFileReference; lastKnownFileType = sourcecode.swift; path = FakeboxTests.swift; sourceTree = "<group>"; };
		399A4B09199208CF00B2139B /* Images.xcassets */ = {isa = PBXFileReference; lastKnownFileType = folder.assetcatalog; path = Images.xcassets; sourceTree = "<group>"; };
/* End PBXFileReference section */

/* Begin PBXFrameworksBuildPhase section */
		399A4AE41992073B00B2139B /* Frameworks */ = {
			isa = PBXFrameworksBuildPhase;
			buildActionMask = 2147483647;
			files = (
			);
			runOnlyForDeploymentPostprocessing = 0;
		};
		399A4AF61992073B00B2139B /* Frameworks */ = {
			isa = PBXFrameworksBuildPhase;
			buildActionMask = 2147483647;
			files = (
			);
			runOnlyForDeploymentPostprocessing = 0;
		};
/* End PBXFrameworksBuildPhase section */

/* Begin PBXGroup section */
		396C51D11992116500AA4D44 /* View Controllers */ = {
			isa = PBXGroup;
			children = (
				396C51CF1992116200AA4D44 /* SignInViewController.swift */,
				396C51D3199212C700AA4D44 /* CreateAccountRootViewController.swift */,
				396C51D5199212D600AA4D44 /* SignInRootViewController.swift */,
				396C51D7199213D900AA4D44 /* CreateAccountViewController.swift */,
				392533C7199892F800815048 /* SettingsViewController.swift */,
				392533C91998984500815048 /* TermsViewController.swift */,
			);
			name = "View Controllers";
			sourceTree = "<group>";
		};
		399A4ADE1992073B00B2139B = {
			isa = PBXGroup;
			children = (
				396C51D11992116500AA4D44 /* View Controllers */,
				399A4AE91992073B00B2139B /* Fakebox */,
				399A4AFC1992073B00B2139B /* FakeboxTests */,
				399A4AE81992073B00B2139B /* Products */,
			);
			sourceTree = "<group>";
		};
		399A4AE81992073B00B2139B /* Products */ = {
			isa = PBXGroup;
			children = (
				399A4AE71992073B00B2139B /* Fakebox.app */,
				399A4AF91992073B00B2139B /* FakeboxTests.xctest */,
			);
			name = Products;
			sourceTree = "<group>";
		};
		399A4AE91992073B00B2139B /* Fakebox */ = {
			isa = PBXGroup;
			children = (
				399A4AEC1992073B00B2139B /* AppDelegate.swift */,
				399A4AEE1992073B00B2139B /* ViewController.swift */,
				399A4AF01992073B00B2139B /* Main.storyboard */,
				399A4B09199208CF00B2139B /* Images.xcassets */,
				399A4AEA1992073B00B2139B /* Supporting Files */,
			);
			path = Fakebox;
			sourceTree = "<group>";
		};
		399A4AEA1992073B00B2139B /* Supporting Files */ = {
			isa = PBXGroup;
			children = (
				399A4AEB1992073B00B2139B /* Info.plist */,
			);
			name = "Supporting Files";
			sourceTree = "<group>";
		};
		399A4AFC1992073B00B2139B /* FakeboxTests */ = {
			isa = PBXGroup;
			children = (
				399A4AFF1992073B00B2139B /* FakeboxTests.swift */,
				399A4AFD1992073B00B2139B /* Supporting Files */,
			);
			path = FakeboxTests;
			sourceTree = "<group>";
		};
		399A4AFD1992073B00B2139B /* Supporting Files */ = {
			isa = PBXGroup;
			children = (
				399A4AFE1992073B00B2139B /* Info.plist */,
			);
			name = "Supporting Files";
			sourceTree = "<group>";
		};
/* End PBXGroup section */

/* Begin PBXNativeTarget section */
		399A4AE61992073B00B2139B /* Fakebox */ = {
			isa = PBXNativeTarget;
			buildConfigurationList = 399A4B031992073B00B2139B /* Build configuration list for PBXNativeTarget "Fakebox" */;
			buildPhases = (
				399A4AE31992073B00B2139B /* Sources */,
				399A4AE41992073B00B2139B /* Frameworks */,
				399A4AE51992073B00B2139B /* Resources */,
			);
			buildRules = (
			);
			dependencies = (
			);
			name = Fakebox;
			productName = Fakebox;
			productReference = 399A4AE71992073B00B2139B /* Fakebox.app */;
			productType = "com.apple.product-type.application";
		};
		399A4AF81992073B00B2139B /* FakeboxTests */ = {
			isa = PBXNativeTarget;
			buildConfigurationList = 399A4B061992073B00B2139B /* Build configuration list for PBXNativeTarget "FakeboxTests" */;
			buildPhases = (
				399A4AF51992073B00B2139B /* Sources */,
				399A4AF61992073B00B2139B /* Frameworks */,
				399A4AF71992073B00B2139B /* Resources */,
			);
			buildRules = (
			);
			dependencies = (
				399A4AFB1992073B00B2139B /* PBXTargetDependency */,
			);
			name = FakeboxTests;
			productName = FakeboxTests;
			productReference = 399A4AF91992073B00B2139B /* FakeboxTests.xctest */;
			productType = "com.apple.product-type.bundle.unit-test";
		};
/* End PBXNativeTarget section */

/* Begin PBXProject section */
		399A4ADF1992073B00B2139B /* Project object */ = {
			isa = PBXProject;
			attributes = {
				LastUpgradeCheck = 0600;
				ORGANIZATIONNAME = codepath;
				TargetAttributes = {
					399A4AE61992073B00B2139B = {
						CreatedOnToolsVersion = 6.0;
					};
					399A4AF81992073B00B2139B = {
						CreatedOnToolsVersion = 6.0;
						TestTargetID = 399A4AE61992073B00B2139B;
					};
				};
			};
			buildConfigurationList = 399A4AE21992073B00B2139B /* Build configuration list for PBXProject "Fakebox" */;
			compatibilityVersion = "Xcode 3.2";
			developmentRegion = English;
			hasScannedForEncodings = 0;
			knownRegions = (
				en,
				Base,
			);
			mainGroup = 399A4ADE1992073B00B2139B;
			productRefGroup = 399A4AE81992073B00B2139B /* Products */;
			projectDirPath = "";
			projectRoot = "";
			targets = (
				399A4AE61992073B00B2139B /* Fakebox */,
				399A4AF81992073B00B2139B /* FakeboxTests */,
			);
		};
/* End PBXProject section */

/* Begin PBXResourcesBuildPhase section */
		399A4AE51992073B00B2139B /* Resources */ = {
			isa = PBXResourcesBuildPhase;
			buildActionMask = 2147483647;
			files = (
				399A4AF21992073B00B2139B /* Main.storyboard in Resources */,
				399A4B0A199208CF00B2139B /* Images.xcassets in Resources */,
			);
			runOnlyForDeploymentPostprocessing = 0;
		};
		399A4AF71992073B00B2139B /* Resources */ = {
			isa = PBXResourcesBuildPhase;
			buildActionMask = 2147483647;
			files = (
			);
			runOnlyForDeploymentPostprocessing = 0;
		};
/* End PBXResourcesBuildPhase section */

/* Begin PBXSourcesBuildPhase section */
		399A4AE31992073B00B2139B /* Sources */ = {
			isa = PBXSourcesBuildPhase;
			buildActionMask = 2147483647;
			files = (
				396C51D8199213D900AA4D44 /* CreateAccountViewController.swift in Sources */,
				396C51D6199212D600AA4D44 /* SignInRootViewController.swift in Sources */,
				392533C8199892F800815048 /* SettingsViewController.swift in Sources */,
				396C51D4199212C700AA4D44 /* CreateAccountRootViewController.swift in Sources */,
				399A4AEF1992073B00B2139B /* ViewController.swift in Sources */,
				399A4AED1992073B00B2139B /* AppDelegate.swift in Sources */,
				392533CA1998984500815048 /* TermsViewController.swift in Sources */,
				396C51D01992116200AA4D44 /* SignInViewController.swift in Sources */,
			);
			runOnlyForDeploymentPostprocessing = 0;
		};
		399A4AF51992073B00B2139B /* Sources */ = {
			isa = PBXSourcesBuildPhase;
			buildActionMask = 2147483647;
			files = (
				399A4B001992073B00B2139B /* FakeboxTests.swift in Sources */,
			);
			runOnlyForDeploymentPostprocessing = 0;
		};
/* End PBXSourcesBuildPhase section */

/* Begin PBXTargetDependency section */
		399A4AFB1992073B00B2139B /* PBXTargetDependency */ = {
			isa = PBXTargetDependency;
			target = 399A4AE61992073B00B2139B /* Fakebox */;
			targetProxy = 399A4AFA1992073B00B2139B /* PBXContainerItemProxy */;
		};
/* End PBXTargetDependency section */

/* Begin PBXVariantGroup section */
		399A4AF01992073B00B2139B /* Main.storyboard */ = {
			isa = PBXVariantGroup;
			children = (
				399A4AF11992073B00B2139B /* Base */,
			);
			name = Main.storyboard;
			sourceTree = "<group>";
		};
/* End PBXVariantGroup section */

/* Begin XCBuildConfiguration section */
		399A4B011992073B00B2139B /* Debug */ = {
			isa = XCBuildConfiguration;
			buildSettings = {
				ALWAYS_SEARCH_USER_PATHS = NO;
				CLANG_CXX_LANGUAGE_STANDARD = "gnu++0x";
				CLANG_CXX_LIBRARY = "libc++";
				CLANG_ENABLE_MODULES = YES;
				CLANG_ENABLE_OBJC_ARC = YES;
				CLANG_WARN_BOOL_CONVERSION = YES;
				CLANG_WARN_CONSTANT_CONVERSION = YES;
				CLANG_WARN_DIRECT_OBJC_ISA_USAGE = YES_ERROR;
				CLANG_WARN_EMPTY_BODY = YES;
				CLANG_WARN_ENUM_CONVERSION = YES;
				CLANG_WARN_INT_CONVERSION = YES;
				CLANG_WARN_OBJC_ROOT_CLASS = YES_ERROR;
				CLANG_WARN_UNREACHABLE_CODE = YES;
				CLANG_WARN__DUPLICATE_METHOD_MATCH = YES;
				"CODE_SIGN_IDENTITY[sdk=iphoneos*]" = "iPhone Developer";
				COPY_PHASE_STRIP = NO;
				ENABLE_STRICT_OBJC_MSGSEND = YES;
				GCC_C_LANGUAGE_STANDARD = gnu99;
				GCC_DYNAMIC_NO_PIC = NO;
				GCC_OPTIMIZATION_LEVEL = 0;
				GCC_PREPROCESSOR_DEFINITIONS = (
					"DEBUG=1",
					"$(inherited)",
				);
				GCC_SYMBOLS_PRIVATE_EXTERN = NO;
				GCC_WARN_64_TO_32_BIT_CONVERSION = YES;
				GCC_WARN_ABOUT_RETURN_TYPE = YES_ERROR;
				GCC_WARN_UNDECLARED_SELECTOR = YES;
				GCC_WARN_UNINITIALIZED_AUTOS = YES_AGGRESSIVE;
				GCC_WARN_UNUSED_FUNCTION = YES;
				GCC_WARN_UNUSED_VARIABLE = YES;
				IPHONEOS_DEPLOYMENT_TARGET = 8.0;
				MTL_ENABLE_DEBUG_INFO = YES;
				ONLY_ACTIVE_ARCH = YES;
				SDKROOT = iphoneos;
				SWIFT_OPTIMIZATION_LEVEL = "-Onone";
			};
			name = Debug;
		};
		399A4B021992073B00B2139B /* Release */ = {
			isa = XCBuildConfiguration;
			buildSettings = {
				ALWAYS_SEARCH_USER_PATHS = NO;
				CLANG_CXX_LANGUAGE_STANDARD = "gnu++0x";
				CLANG_CXX_LIBRARY = "libc++";
				CLANG_ENABLE_MODULES = YES;
				CLANG_ENABLE_OBJC_ARC = YES;
				CLANG_WARN_BOOL_CONVERSION = YES;
				CLANG_WARN_CONSTANT_CONVERSION = YES;
				CLANG_WARN_DIRECT_OBJC_ISA_USAGE = YES_ERROR;
				CLANG_WARN_EMPTY_BODY = YES;
				CLANG_WARN_ENUM_CONVERSION = YES;
				CLANG_WARN_INT_CONVERSION = YES;
				CLANG_WARN_OBJC_ROOT_CLASS = YES_ERROR;
				CLANG_WARN_UNREACHABLE_CODE = YES;
				CLANG_WARN__DUPLICATE_METHOD_MATCH = YES;
				"CODE_SIGN_IDENTITY[sdk=iphoneos*]" = "iPhone Developer";
				COPY_PHASE_STRIP = YES;
				ENABLE_NS_ASSERTIONS = NO;
				ENABLE_STRICT_OBJC_MSGSEND = YES;
				GCC_C_LANGUAGE_STANDARD = gnu99;
				GCC_WARN_64_TO_32_BIT_CONVERSION = YES;
				GCC_WARN_ABOUT_RETURN_TYPE = YES_ERROR;
				GCC_WARN_UNDECLARED_SELECTOR = YES;
				GCC_WARN_UNINITIALIZED_AUTOS = YES_AGGRESSIVE;
				GCC_WARN_UNUSED_FUNCTION = YES;
				GCC_WARN_UNUSED_VARIABLE = YES;
				IPHONEOS_DEPLOYMENT_TARGET = 8.0;
				MTL_ENABLE_DEBUG_INFO = NO;
				SDKROOT = iphoneos;
				VALIDATE_PRODUCT = YES;
			};
			name = Release;
		};
		399A4B041992073B00B2139B /* Debug */ = {
			isa = XCBuildConfiguration;
			buildSettings = {
				ASSETCATALOG_COMPILER_APPICON_NAME = AppIcon;
				ASSETCATALOG_COMPILER_LAUNCHIMAGE_NAME = LaunchImage;
				INFOPLIST_FILE = Fakebox/Info.plist;
				IPHONEOS_DEPLOYMENT_TARGET = 7.0;
				LD_RUNPATH_SEARCH_PATHS = "$(inherited) @executable_path/Frameworks";
				PRODUCT_NAME = "$(TARGET_NAME)";
			};
			name = Debug;
		};
		399A4B051992073B00B2139B /* Release */ = {
			isa = XCBuildConfiguration;
			buildSettings = {
				ASSETCATALOG_COMPILER_APPICON_NAME = AppIcon;
				ASSETCATALOG_COMPILER_LAUNCHIMAGE_NAME = LaunchImage;
				INFOPLIST_FILE = Fakebox/Info.plist;
				IPHONEOS_DEPLOYMENT_TARGET = 7.0;
				LD_RUNPATH_SEARCH_PATHS = "$(inherited) @executable_path/Frameworks";
				PRODUCT_NAME = "$(TARGET_NAME)";
			};
			name = Release;
		};
		399A4B071992073B00B2139B /* Debug */ = {
			isa = XCBuildConfiguration;
			buildSettings = {
				BUNDLE_LOADER = "$(BUILT_PRODUCTS_DIR)/Fakebox.app/Fakebox";
				FRAMEWORK_SEARCH_PATHS = (
					"$(SDKROOT)/Developer/Library/Frameworks",
					"$(inherited)",
				);
				GCC_PREPROCESSOR_DEFINITIONS = (
					"DEBUG=1",
					"$(inherited)",
				);
				INFOPLIST_FILE = FakeboxTests/Info.plist;
				LD_RUNPATH_SEARCH_PATHS = "$(inherited) @executable_path/Frameworks @loader_path/Frameworks";
				PRODUCT_NAME = "$(TARGET_NAME)";
				TEST_HOST = "$(BUNDLE_LOADER)";
			};
			name = Debug;
		};
		399A4B081992073B00B2139B /* Release */ = {
			isa = XCBuildConfiguration;
			buildSettings = {
				BUNDLE_LOADER = "$(BUILT_PRODUCTS_DIR)/Fakebox.app/Fakebox";
				FRAMEWORK_SEARCH_PATHS = (
					"$(SDKROOT)/Developer/Library/Frameworks",
					"$(inherited)",
				);
				INFOPLIST_FILE = FakeboxTests/Info.plist;
				LD_RUNPATH_SEARCH_PATHS = "$(inherited) @executable_path/Frameworks @loader_path/Frameworks";
				PRODUCT_NAME = "$(TARGET_NAME)";
				TEST_HOST = "$(BUNDLE_LOADER)";
			};
			name = Release;
		};
/* End XCBuildConfiguration section */

/* Begin XCConfigurationList section */
		399A4AE21992073B00B2139B /* Build configuration list for PBXProject "Fakebox" */ = {
			isa = XCConfigurationList;
			buildConfigurations = (
				399A4B011992073B00B2139B /* Debug */,
				399A4B021992073B00B2139B /* Release */,
			);
			defaultConfigurationIsVisible = 0;
			defaultConfigurationName = Release;
		};
		399A4B031992073B00B2139B /* Build configuration list for PBXNativeTarget "Fakebox" */ = {
			isa = XCConfigurationList;
			buildConfigurations = (
				399A4B041992073B00B2139B /* Debug */,
				399A4B051992073B00B2139B /* Release */,
			);
			defaultConfigurationIsVisible = 0;
			defaultConfigurationName = Release;
		};
		399A4B061992073B00B2139B /* Build configuration list for PBXNativeTarget "FakeboxTests" */ = {
			isa = XCConfigurationList;
			buildConfigurations = (
				399A4B071992073B00B2139B /* Debug */,
				399A4B081992073B00B2139B /* Release */,
			);
			defaultConfigurationIsVisible = 0;
			defaultConfigurationName = Release;
		};
/* End XCConfigurationList section */
	};
	rootObject = 399A4ADF1992073B00B2139B /* Project object */;
}
